Microsoft Visual Studio Solution File, Format Version 12.00
# Visual Studio 15
VisualStudioVersion = 15.0.27703.2042
MinimumVisualStudioVersion = 10.0.40219.1
Project("{9A19103F-16F7-4668-BE54-9A1E7A4F7556}") = "SampleState", "SampleState\SampleState.csproj", "{D3263B51-60BD-4DDE-B265-1725A238FDCA}"
EndProject
Project("{9A19103F-16F7-4668-BE54-9A1E7A4F7556}") = "NetRx.Store", "..\src\NetRx.Store\NetRx.Store.csproj", "{5F7DD1FB-D535-4C44-AE71-0594C2FC717A}"
EndProject
Project("{9A19103F-16F7-4668-BE54-9A1E7A4F7556}") = "SampleEffects", "SampleEffects\SampleEffects.csproj", "{857B2339-FE07-448D-9C17-93E5382633E6}"
EndProject
Project("{FAE04EC0-301F-11D3-BF4B-00C04F79EFBC}") = "SampleMVVM.Wpf", "SampleMVVM.Wpf\SampleMVVM.Wpf.csproj", "{D7EFCEE8-80E3-43C1-B86F-9D6B68D5C2FC}"
EndProject
Global
	GlobalSection(SolutionConfigurationPlatforms) = preSolution
		Debug|Any CPU = Debug|Any CPU
		Release|Any CPU = Release|Any CPU
	EndGlobalSection
	GlobalSection(ProjectConfigurationPlatforms) = postSolution
		{D3263B51-60BD-4DDE-B265-1725A238FDCA}.Debug|Any CPU.ActiveCfg = Debug|Any CPU
		{D3263B51-60BD-4DDE-B265-1725A238FDCA}.Debug|Any CPU.Build.0 = Debug|Any CPU
		{D3263B51-60BD-4DDE-B265-1725A238FDCA}.Release|Any CPU.ActiveCfg = Release|Any CPU
		{D3263B51-60BD-4DDE-B265-1725A238FDCA}.Release|Any CPU.Build.0 = Release|Any CPU
		{5F7DD1FB-D535-4C44-AE71-0594C2FC717A}.Debug|Any CPU.ActiveCfg = Debug|Any CPU
		{5F7DD1FB-D535-4C44-AE71-0594C2FC717A}.Debug|Any CPU.Build.0 = Debug|Any CPU
		{5F7DD1FB-D535-4C44-AE71-0594C2FC717A}.Release|Any CPU.ActiveCfg = Release|Any CPU
		{5F7DD1FB-D535-4C44-AE71-0594C2FC717A}.Release|Any CPU.Build.0 = Release|Any CPU
		{857B2339-FE07-448D-9C17-93E5382633E6}.Debug|Any CPU.ActiveCfg = Debug|Any CPU
		{857B2339-FE07-448D-9C17-93E5382633E6}.Debug|Any CPU.Build.0 = Debug|Any CPU
		{857B2339-FE07-448D-9C17-93E5382633E6}.Release|Any CPU.ActiveCfg = Release|Any CPU
		{857B2339-FE07-448D-9C17-93E5382633E6}.Release|Any CPU.Build.0 = Release|Any CPU
		{D7EFCEE8-80E3-43C1-B86F-9D6B68D5C2FC}.Debug|Any CPU.ActiveCfg = Debug|Any CPU
		{D7EFCEE8-80E3-43C1-B86F-9D6B68D5C2FC}.Debug|Any CPU.Build.0 = Debug|Any CPU
		{D7EFCEE8-80E3-43C1-B86F-9D6B68D5C2FC}.Release|Any CPU.ActiveCfg = Release|Any CPU
		{D7EFCEE8-80E3-43C1-B86F-9D6B68D5C2FC}.Release|Any CPU.Build.0 = Release|Any CPU
	EndGlobalSection
	GlobalSection(SolutionProperties) = preSolution
		HideSolutionNode = FALSE
	EndGlobalSection
	GlobalSection(ExtensibilityGlobals) = postSolution
		SolutionGuid = {780E3B76-B2F2-4D4E-969E-EE1805C7A41B}
	EndGlobalSection
EndGlobal
