
Microsoft Visual Studio Solution File, Format Version 12.00
# Visual Studio 15
VisualStudioVersion = 15.0.27703.2042
MinimumVisualStudioVersion = 10.0.40219.1
Project("{9A19103F-16F7-4668-BE54-9A1E7A4F7556}") = "NetRx.Store", "NetRx.Store\NetRx.Store.csproj", "{A6315850-7D4E-4BA5-A643-3BE4B645B928}"
EndProject
Project("{FAE04EC0-301F-11D3-BF4B-00C04F79EFBC}") = "NetRx.Store.Tests", "NetRx.Store.Tests\NetRx.Store.Tests.csproj", "{2FB873CA-3709-4C42-A565-56F7B71A1211}"
EndProject
Global
	GlobalSection(SolutionConfigurationPlatforms) = preSolution
		Debug|Any CPU = Debug|Any CPU
		Release|Any CPU = Release|Any CPU
	EndGlobalSection
	GlobalSection(ProjectConfigurationPlatforms) = postSolution
		{A6315850-7D4E-4BA5-A643-3BE4B645B928}.Debug|Any CPU.ActiveCfg = Debug|Any CPU
		{A6315850-7D4E-4BA5-A643-3BE4B645B928}.Debug|Any CPU.Build.0 = Debug|Any CPU
		{A6315850-7D4E-4BA5-A643-3BE4B645B928}.Release|Any CPU.ActiveCfg = Release|Any CPU
		{A6315850-7D4E-4BA5-A643-3BE4B645B928}.Release|Any CPU.Build.0 = Release|Any CPU
		{2FB873CA-3709-4C42-A565-56F7B71A1211}.Debug|Any CPU.ActiveCfg = Debug|Any CPU
		{2FB873CA-3709-4C42-A565-56F7B71A1211}.Debug|Any CPU.Build.0 = Debug|Any CPU
		{2FB873CA-3709-4C42-A565-56F7B71A1211}.Release|Any CPU.ActiveCfg = Release|Any CPU
		{2FB873CA-3709-4C42-A565-56F7B71A1211}.Release|Any CPU.Build.0 = Release|Any CPU
	EndGlobalSection
	GlobalSection(SolutionProperties) = preSolution
		HideSolutionNode = FALSE
	EndGlobalSection
	GlobalSection(ExtensibilityGlobals) = postSolution
		SolutionGuid = {5B48136F-F57B-4D26-927C-77EF7BA05EB8}
	EndGlobalSection
EndGlobal
