
Microsoft Visual Studio Solution File, Format Version 12.00
# Visual Studio 15
VisualStudioVersion = 15.0.28307.645
MinimumVisualStudioVersion = 10.0.40219.1
Project("{9A19103F-16F7-4668-BE54-9A1E7A4F7556}") = "NetRx.Store.Monitor.Shared", "NetRx.Store.Monitor.Shared\NetRx.Store.Monitor.Shared.csproj", "{16FD8347-1FE1-45C2-BF38-C1EE85A25400}"
EndProject
Project("{FAE04EC0-301F-11D3-BF4B-00C04F79EFBC}") = "NetRx.Store.Monitor.Extension", "NetRx.Store.Monitor.Extension\NetRx.Store.Monitor.Extension.csproj", "{28C87D13-AEC6-4C34-A500-67FF8DAAF261}"
EndProject
Global
	GlobalSection(SolutionConfigurationPlatforms) = preSolution
		Debug|Any CPU = Debug|Any CPU
		Release|Any CPU = Release|Any CPU
	EndGlobalSection
	GlobalSection(ProjectConfigurationPlatforms) = postSolution
		{16FD8347-1FE1-45C2-BF38-C1EE85A25400}.Debug|Any CPU.ActiveCfg = Debug|Any CPU
		{16FD8347-1FE1-45C2-BF38-C1EE85A25400}.Debug|Any CPU.Build.0 = Debug|Any CPU
		{16FD8347-1FE1-45C2-BF38-C1EE85A25400}.Release|Any CPU.ActiveCfg = Release|Any CPU
		{16FD8347-1FE1-45C2-BF38-C1EE85A25400}.Release|Any CPU.Build.0 = Release|Any CPU
		{28C87D13-AEC6-4C34-A500-67FF8DAAF261}.Debug|Any CPU.ActiveCfg = Debug|Any CPU
		{28C87D13-AEC6-4C34-A500-67FF8DAAF261}.Debug|Any CPU.Build.0 = Debug|Any CPU
		{28C87D13-AEC6-4C34-A500-67FF8DAAF261}.Release|Any CPU.ActiveCfg = Release|Any CPU
		{28C87D13-AEC6-4C34-A500-67FF8DAAF261}.Release|Any CPU.Build.0 = Release|Any CPU
	EndGlobalSection
	GlobalSection(SolutionProperties) = preSolution
		HideSolutionNode = FALSE
	EndGlobalSection
	GlobalSection(ExtensibilityGlobals) = postSolution
		SolutionGuid = {872BA4FB-FF86-49D8-A7C7-48CD23843966}
	EndGlobalSection
EndGlobal
